{
  "nodes": {
    "nixpkgs": {
      "locked": {
        "lastModified": 1715424707,
        "narHash": "sha256-W6UT2i9GN24SOiUTB6EdwfsvFMR2Pr8OPVG0OmNk+2I=",
        "owner": "NixOS",
        "repo": "nixpkgs",
        "rev": "acbbc1cdcab1ccb177d379bbb66bd4161864fbed",
        "type": "github"
      },
      "original": {
        "owner": "NixOS",
        "repo": "nixpkgs",
        "type": "github"
      }
    },
    "root": {
      "inputs": {
        "nixpkgs": "nixpkgs"
      }
    }
  },
  "root": "root",
  "version": 7
}
