{
  "nodes": {
    "nixpkgs": {
      "locked": {
        "lastModified": 1715494735,
        "narHash": "sha256-I6oaSgerbL7aK4t7I8uulBG+1V2aK/nNpZSDx3F0jPw=",
        "owner": "NixOS",
        "repo": "nixpkgs",
        "rev": "3241bdaf611fd641009e32c0000e8a5447288ef2",
        "type": "github"
      },
      "original": {
        "owner": "NixOS",
        "repo": "nixpkgs",
        "type": "github"
      }
    },
    "root": {
      "inputs": {
        "nixpkgs": "nixpkgs"
      }
    }
  },
  "root": "root",
  "version": 7
}
