{
  "nodes": {
    "nixpkgs": {
      "locked": {
        "lastModified": 1715214844,
        "narHash": "sha256-bLokgFsPAT6s3pVAt+ACyR/vATYBiha5TgXKzw2U5LQ=",
        "owner": "NixOS",
        "repo": "nixpkgs",
        "rev": "d5c611fcf504321442bd91b19b3dea7e20f468e7",
        "type": "github"
      },
      "original": {
        "owner": "NixOS",
        "repo": "nixpkgs",
        "type": "github"
      }
    },
    "root": {
      "inputs": {
        "nixpkgs": "nixpkgs"
      }
    }
  },
  "root": "root",
  "version": 7
}
